
Microsoft Visual Studio Solution File, Format Version 12.00
# Visual Studio Express 2013 for Windows Desktop
VisualStudioVersion = 12.0.21005.1
MinimumVisualStudioVersion = 10.0.40219.1
Project("{FAE04EC0-301F-11D3-BF4B-00C04F79EFBC}") = "WeatherInfo", "WeatherInfo.csproj", "{AE16993A-EDF7-43E7-B4F2-F12C6C1AA7FD}"
EndProject
Project("{FAE04EC0-301F-11D3-BF4B-00C04F79EFBC}") = "TestConsole", "TestConsole\TestConsole.csproj", "{3A422517-05EB-4650-99C5-F5EDF8997756}"
EndProject
Project("{FAE04EC0-301F-11D3-BF4B-00C04F79EFBC}") = "SettingsHandlerInterface", "..\SettingsHandlerInterface\SettingsHandlerInterface.csproj", "{5AA7E742-FDC3-4FFA-9336-209943278141}"
EndProject
Project("{FAE04EC0-301F-11D3-BF4B-00C04F79EFBC}") = "XMLSettingsHandler", "..\XMLSettingsHandler\XMLSettingsHandler.csproj", "{6BD9E98D-8644-40D5-B04C-60007E3FD8DF}"
EndProject
Global
	GlobalSection(SolutionConfigurationPlatforms) = preSolution
		Debug|Any CPU = Debug|Any CPU
		Debug|Mixed Platforms = Debug|Mixed Platforms
		Debug|x86 = Debug|x86
		Release|Any CPU = Release|Any CPU
		Release|Mixed Platforms = Release|Mixed Platforms
		Release|x86 = Release|x86
	EndGlobalSection
	GlobalSection(ProjectConfigurationPlatforms) = postSolution
		{AE16993A-EDF7-43E7-B4F2-F12C6C1AA7FD}.Debug|Any CPU.ActiveCfg = Debug|x86
		{AE16993A-EDF7-43E7-B4F2-F12C6C1AA7FD}.Debug|Mixed Platforms.ActiveCfg = Debug|x86
		{AE16993A-EDF7-43E7-B4F2-F12C6C1AA7FD}.Debug|Mixed Platforms.Build.0 = Debug|x86
		{AE16993A-EDF7-43E7-B4F2-F12C6C1AA7FD}.Debug|x86.ActiveCfg = Debug|x86
		{AE16993A-EDF7-43E7-B4F2-F12C6C1AA7FD}.Debug|x86.Build.0 = Debug|x86
		{AE16993A-EDF7-43E7-B4F2-F12C6C1AA7FD}.Release|Any CPU.ActiveCfg = Release|x86
		{AE16993A-EDF7-43E7-B4F2-F12C6C1AA7FD}.Release|Mixed Platforms.ActiveCfg = Release|x86
		{AE16993A-EDF7-43E7-B4F2-F12C6C1AA7FD}.Release|Mixed Platforms.Build.0 = Release|x86
		{AE16993A-EDF7-43E7-B4F2-F12C6C1AA7FD}.Release|x86.ActiveCfg = Release|x86
		{AE16993A-EDF7-43E7-B4F2-F12C6C1AA7FD}.Release|x86.Build.0 = Release|x86
		{3A422517-05EB-4650-99C5-F5EDF8997756}.Debug|Any CPU.ActiveCfg = Debug|Any CPU
		{3A422517-05EB-4650-99C5-F5EDF8997756}.Debug|Any CPU.Build.0 = Debug|Any CPU
		{3A422517-05EB-4650-99C5-F5EDF8997756}.Debug|Mixed Platforms.ActiveCfg = Debug|x86
		{3A422517-05EB-4650-99C5-F5EDF8997756}.Debug|Mixed Platforms.Build.0 = Debug|x86
		{3A422517-05EB-4650-99C5-F5EDF8997756}.Debug|Mixed Platforms.Deploy.0 = Debug|x86
		{3A422517-05EB-4650-99C5-F5EDF8997756}.Debug|x86.ActiveCfg = Debug|x86
		{3A422517-05EB-4650-99C5-F5EDF8997756}.Release|Any CPU.ActiveCfg = Release|Any CPU
		{3A422517-05EB-4650-99C5-F5EDF8997756}.Release|Any CPU.Build.0 = Release|Any CPU
		{3A422517-05EB-4650-99C5-F5EDF8997756}.Release|Mixed Platforms.ActiveCfg = Release|Any CPU
		{3A422517-05EB-4650-99C5-F5EDF8997756}.Release|Mixed Platforms.Build.0 = Release|Any CPU
		{3A422517-05EB-4650-99C5-F5EDF8997756}.Release|x86.ActiveCfg = Release|Any CPU
		{5AA7E742-FDC3-4FFA-9336-209943278141}.Debug|Any CPU.ActiveCfg = Debug|Any CPU
		{5AA7E742-FDC3-4FFA-9336-209943278141}.Debug|Any CPU.Build.0 = Debug|Any CPU
		{5AA7E742-FDC3-4FFA-9336-209943278141}.Debug|Mixed Platforms.ActiveCfg = Debug|Any CPU
		{5AA7E742-FDC3-4FFA-9336-209943278141}.Debug|Mixed Platforms.Build.0 = Debug|Any CPU
		{5AA7E742-FDC3-4FFA-9336-209943278141}.Debug|x86.ActiveCfg = Debug|Any CPU
		{5AA7E742-FDC3-4FFA-9336-209943278141}.Release|Any CPU.ActiveCfg = Release|Any CPU
		{5AA7E742-FDC3-4FFA-9336-209943278141}.Release|Any CPU.Build.0 = Release|Any CPU
		{5AA7E742-FDC3-4FFA-9336-209943278141}.Release|Mixed Platforms.ActiveCfg = Release|Any CPU
		{5AA7E742-FDC3-4FFA-9336-209943278141}.Release|Mixed Platforms.Build.0 = Release|Any CPU
		{5AA7E742-FDC3-4FFA-9336-209943278141}.Release|x86.ActiveCfg = Release|Any CPU
		{6BD9E98D-8644-40D5-B04C-60007E3FD8DF}.Debug|Any CPU.ActiveCfg = Debug|Any CPU
		{6BD9E98D-8644-40D5-B04C-60007E3FD8DF}.Debug|Any CPU.Build.0 = Debug|Any CPU
		{6BD9E98D-8644-40D5-B04C-60007E3FD8DF}.Debug|Mixed Platforms.ActiveCfg = Debug|Any CPU
		{6BD9E98D-8644-40D5-B04C-60007E3FD8DF}.Debug|Mixed Platforms.Build.0 = Debug|Any CPU
		{6BD9E98D-8644-40D5-B04C-60007E3FD8DF}.Debug|x86.ActiveCfg = Debug|Any CPU
		{6BD9E98D-8644-40D5-B04C-60007E3FD8DF}.Release|Any CPU.ActiveCfg = Release|Any CPU
		{6BD9E98D-8644-40D5-B04C-60007E3FD8DF}.Release|Any CPU.Build.0 = Release|Any CPU
		{6BD9E98D-8644-40D5-B04C-60007E3FD8DF}.Release|Mixed Platforms.ActiveCfg = Release|Any CPU
		{6BD9E98D-8644-40D5-B04C-60007E3FD8DF}.Release|Mixed Platforms.Build.0 = Release|Any CPU
		{6BD9E98D-8644-40D5-B04C-60007E3FD8DF}.Release|x86.ActiveCfg = Release|Any CPU
	EndGlobalSection
	GlobalSection(SolutionProperties) = preSolution
		HideSolutionNode = FALSE
	EndGlobalSection
EndGlobal
